// !$*UTF8*$!
{
	archiveVersion = 1;
	classes = {
	};
	objectVersion = 51;
	objects = {

/* Begin PBXBuildFile section */
		F730182722BE050A00611D4F /* ArticleCell.swift in Sources */ = {isa = PBXBuildFile; fileRef = F730182622BE050A00611D4F /* ArticleCell.swift */; };
		F730182C22BE81BB00611D4F /* ArticleTableViewController.swift in Sources */ = {isa = PBXBuildFile; fileRef = F730182B22BE81BB00611D4F /* ArticleTableViewController.swift */; };
		F730182E22BE9B8900611D4F /* OneNewsControllerViewController.swift in Sources */ = {isa = PBXBuildFile; fileRef = F730182D22BE9B8900611D4F /* OneNewsControllerViewController.swift */; };
		F7D6B33822BA0EDA005680B1 /* AppDelegate.swift in Sources */ = {isa = PBXBuildFile; fileRef = F7D6B33722BA0EDA005680B1 /* AppDelegate.swift */; };
		F7D6B33D22BA0EDA005680B1 /* Main.storyboard in Resources */ = {isa = PBXBuildFile; fileRef = F7D6B33B22BA0EDA005680B1 /* Main.storyboard */; };
		F7D6B33F22BA0EDC005680B1 /* Assets.xcassets in Resources */ = {isa = PBXBuildFile; fileRef = F7D6B33E22BA0EDC005680B1 /* Assets.xcassets */; };
		F7D6B34222BA0EDC005680B1 /* LaunchScreen.storyboard in Resources */ = {isa = PBXBuildFile; fileRef = F7D6B34022BA0EDC005680B1 /* LaunchScreen.storyboard */; };
		F7D6B34B22BAAA9B005680B1 /* Article.swift in Sources */ = {isa = PBXBuildFile; fileRef = F7D6B34A22BAAA9B005680B1 /* Article.swift */; };
		F7D6B34D22BAAC18005680B1 /* Model.swift in Sources */ = {isa = PBXBuildFile; fileRef = F7D6B34C22BAAC18005680B1 /* Model.swift */; };
/* End PBXBuildFile section */

/* Begin PBXFileReference section */
		F730182622BE050A00611D4F /* ArticleCell.swift */ = {isa = PBXFileReference; lastKnownFileType = sourcecode.swift; path = ArticleCell.swift; sourceTree = "<group>"; };
		F730182B22BE81BB00611D4F /* ArticleTableViewController.swift */ = {isa = PBXFileReference; lastKnownFileType = sourcecode.swift; path = ArticleTableViewController.swift; sourceTree = "<group>"; };
		F730182D22BE9B8900611D4F /* OneNewsControllerViewController.swift */ = {isa = PBXFileReference; lastKnownFileType = sourcecode.swift; path = OneNewsControllerViewController.swift; sourceTree = "<group>"; };
		F7D6B33422BA0EDA005680B1 /* News.app */ = {isa = PBXFileReference; explicitFileType = wrapper.application; includeInIndex = 0; path = News.app; sourceTree = BUILT_PRODUCTS_DIR; };
		F7D6B33722BA0EDA005680B1 /* AppDelegate.swift */ = {isa = PBXFileReference; lastKnownFileType = sourcecode.swift; path = AppDelegate.swift; sourceTree = "<group>"; };
		F7D6B33C22BA0EDA005680B1 /* Base */ = {isa = PBXFileReference; lastKnownFileType = file.storyboard; name = Base; path = Base.lproj/Main.storyboard; sourceTree = "<group>"; };
		F7D6B33E22BA0EDC005680B1 /* Assets.xcassets */ = {isa = PBXFileReference; lastKnownFileType = folder.assetcatalog; path = Assets.xcassets; sourceTree = "<group>"; };
		F7D6B34122BA0EDC005680B1 /* Base */ = {isa = PBXFileReference; lastKnownFileType = file.storyboard; name = Base; path = Base.lproj/LaunchScreen.storyboard; sourceTree = "<group>"; };
		F7D6B34322BA0EDC005680B1 /* Info.plist */ = {isa = PBXFileReference; lastKnownFileType = text.plist.xml; path = Info.plist; sourceTree = "<group>"; };
		F7D6B34A22BAAA9B005680B1 /* Article.swift */ = {isa = PBXFileReference; lastKnownFileType = sourcecode.swift; path = Article.swift; sourceTree = "<group>"; };
		F7D6B34C22BAAC18005680B1 /* Model.swift */ = {isa = PBXFileReference; lastKnownFileType = sourcecode.swift; path = Model.swift; sourceTree = "<group>"; };
/* End PBXFileReference section */

/* Begin PBXFrameworksBuildPhase section */
		F7D6B33122BA0EDA005680B1 /* Frameworks */ = {
			isa = PBXFrameworksBuildPhase;
			buildActionMask = 2147483647;
			files = (
			);
			runOnlyForDeploymentPostprocessing = 0;
		};
/* End PBXFrameworksBuildPhase section */

/* Begin PBXGroup section */
		F730182822BE811000611D4F /* View */ = {
			isa = PBXGroup;
			children = (
				F730182622BE050A00611D4F /* ArticleCell.swift */,
				F7D6B33B22BA0EDA005680B1 /* Main.storyboard */,
			);
			path = View;
			sourceTree = "<group>";
		};
		F730182A22BE816D00611D4F /* Controller */ = {
			isa = PBXGroup;
			children = (
				F730182B22BE81BB00611D4F /* ArticleTableViewController.swift */,
				F730182D22BE9B8900611D4F /* OneNewsControllerViewController.swift */,
			);
			path = Controller;
			sourceTree = "<group>";
		};
		F7D6B32B22BA0EDA005680B1 = {
			isa = PBXGroup;
			children = (
				F7D6B33622BA0EDA005680B1 /* News */,
				F7D6B33522BA0EDA005680B1 /* Products */,
			);
			sourceTree = "<group>";
		};
		F7D6B33522BA0EDA005680B1 /* Products */ = {
			isa = PBXGroup;
			children = (
				F7D6B33422BA0EDA005680B1 /* News.app */,
			);
			name = Products;
			sourceTree = "<group>";
		};
		F7D6B33622BA0EDA005680B1 /* News */ = {
			isa = PBXGroup;
			children = (
				F7D6B33722BA0EDA005680B1 /* AppDelegate.swift */,
				F7D6B34922BAAA19005680B1 /* Model */,
				F730182822BE811000611D4F /* View */,
				F730182A22BE816D00611D4F /* Controller */,
				F7D6B33E22BA0EDC005680B1 /* Assets.xcassets */,
				F7D6B34022BA0EDC005680B1 /* LaunchScreen.storyboard */,
				F7D6B34322BA0EDC005680B1 /* Info.plist */,
			);
			path = News;
			sourceTree = "<group>";
		};
		F7D6B34922BAAA19005680B1 /* Model */ = {
			isa = PBXGroup;
			children = (
				F7D6B34A22BAAA9B005680B1 /* Article.swift */,
				F7D6B34C22BAAC18005680B1 /* Model.swift */,
			);
			path = Model;
			sourceTree = "<group>";
		};
/* End PBXGroup section */

/* Begin PBXNativeTarget section */
		F7D6B33322BA0EDA005680B1 /* News */ = {
			isa = PBXNativeTarget;
			buildConfigurationList = F7D6B34622BA0EDC005680B1 /* Build configuration list for PBXNativeTarget "News" */;
			buildPhases = (
				F7D6B33022BA0EDA005680B1 /* Sources */,
				F7D6B33122BA0EDA005680B1 /* Frameworks */,
				F7D6B33222BA0EDA005680B1 /* Resources */,
			);
			buildRules = (
			);
			dependencies = (
			);
			name = News;
			productName = News;
			productReference = F7D6B33422BA0EDA005680B1 /* News.app */;
			productType = "com.apple.product-type.application";
		};
/* End PBXNativeTarget section */

/* Begin PBXProject section */
		F7D6B32C22BA0EDA005680B1 /* Project object */ = {
			isa = PBXProject;
			attributes = {
				LastSwiftUpdateCheck = 1020;
				LastUpgradeCheck = 1020;
				ORGANIZATIONNAME = "Игорь Сазонов";
				TargetAttributes = {
					F7D6B33322BA0EDA005680B1 = {
						CreatedOnToolsVersion = 10.2.1;
					};
				};
			};
			buildConfigurationList = F7D6B32F22BA0EDA005680B1 /* Build configuration list for PBXProject "News" */;
			compatibilityVersion = "Xcode 10.0";
			developmentRegion = en;
			hasScannedForEncodings = 0;
			knownRegions = (
				en,
				Base,
			);
			mainGroup = F7D6B32B22BA0EDA005680B1;
			productRefGroup = F7D6B33522BA0EDA005680B1 /* Products */;
			projectDirPath = "";
			projectRoot = "";
			targets = (
				F7D6B33322BA0EDA005680B1 /* News */,
			);
		};
/* End PBXProject section */

/* Begin PBXResourcesBuildPhase section */
		F7D6B33222BA0EDA005680B1 /* Resources */ = {
			isa = PBXResourcesBuildPhase;
			buildActionMask = 2147483647;
			files = (
				F7D6B34222BA0EDC005680B1 /* LaunchScreen.storyboard in Resources */,
				F7D6B33F22BA0EDC005680B1 /* Assets.xcassets in Resources */,
				F7D6B33D22BA0EDA005680B1 /* Main.storyboard in Resources */,
			);
			runOnlyForDeploymentPostprocessing = 0;
		};
/* End PBXResourcesBuildPhase section */

/* Begin PBXSourcesBuildPhase section */
		F7D6B33022BA0EDA005680B1 /* Sources */ = {
			isa = PBXSourcesBuildPhase;
			buildActionMask = 2147483647;
			files = (
				F730182C22BE81BB00611D4F /* ArticleTableViewController.swift in Sources */,
				F7D6B33822BA0EDA005680B1 /* AppDelegate.swift in Sources */,
				F730182E22BE9B8900611D4F /* OneNewsControllerViewController.swift in Sources */,
				F7D6B34B22BAAA9B005680B1 /* Article.swift in Sources */,
				F7D6B34D22BAAC18005680B1 /* Model.swift in Sources */,
				F730182722BE050A00611D4F /* ArticleCell.swift in Sources */,
			);
			runOnlyForDeploymentPostprocessing = 0;
		};
/* End PBXSourcesBuildPhase section */

/* Begin PBXVariantGroup section */
		F7D6B33B22BA0EDA005680B1 /* Main.storyboard */ = {
			isa = PBXVariantGroup;
			children = (
				F7D6B33C22BA0EDA005680B1 /* Base */,
			);
			name = Main.storyboard;
			sourceTree = "<group>";
		};
		F7D6B34022BA0EDC005680B1 /* LaunchScreen.storyboard */ = {
			isa = PBXVariantGroup;
			children = (
				F7D6B34122BA0EDC005680B1 /* Base */,
			);
			name = LaunchScreen.storyboard;
			sourceTree = "<group>";
		};
/* End PBXVariantGroup section */

/* Begin XCBuildConfiguration section */
		F7D6B34422BA0EDC005680B1 /* Debug */ = {
			isa = XCBuildConfiguration;
			buildSettings = {
				ALWAYS_SEARCH_USER_PATHS = NO;
				CLANG_ANALYZER_NONNULL = YES;
				CLANG_ANALYZER_NUMBER_OBJECT_CONVERSION = YES_AGGRESSIVE;
				CLANG_CXX_LANGUAGE_STANDARD = "gnu++14";
				CLANG_CXX_LIBRARY = "libc++";
				CLANG_ENABLE_MODULES = YES;
				CLANG_ENABLE_OBJC_ARC = YES;
				CLANG_ENABLE_OBJC_WEAK = YES;
				CLANG_WARN_BLOCK_CAPTURE_AUTORELEASING = YES;
				CLANG_WARN_BOOL_CONVERSION = YES;
				CLANG_WARN_COMMA = YES;
				CLANG_WARN_CONSTANT_CONVERSION = YES;
				CLANG_WARN_DEPRECATED_OBJC_IMPLEMENTATIONS = YES;
				CLANG_WARN_DIRECT_OBJC_ISA_USAGE = YES_ERROR;
				CLANG_WARN_DOCUMENTATION_COMMENTS = YES;
				CLANG_WARN_EMPTY_BODY = YES;
				CLANG_WARN_ENUM_CONVERSION = YES;
				CLANG_WARN_INFINITE_RECURSION = YES;
				CLANG_WARN_INT_CONVERSION = YES;
				CLANG_WARN_NON_LITERAL_NULL_CONVERSION = YES;
				CLANG_WARN_OBJC_IMPLICIT_RETAIN_SELF = YES;
				CLANG_WARN_OBJC_LITERAL_CONVERSION = YES;
				CLANG_WARN_OBJC_ROOT_CLASS = YES_ERROR;
				CLANG_WARN_RANGE_LOOP_ANALYSIS = YES;
				CLANG_WARN_STRICT_PROTOTYPES = YES;
				CLANG_WARN_SUSPICIOUS_MOVE = YES;
				CLANG_WARN_UNGUARDED_AVAILABILITY = YES_AGGRESSIVE;
				CLANG_WARN_UNREACHABLE_CODE = YES;
				CLANG_WARN__DUPLICATE_METHOD_MATCH = YES;
				CODE_SIGN_IDENTITY = "iPhone Developer";
				COPY_PHASE_STRIP = NO;
				DEBUG_INFORMATION_FORMAT = dwarf;
				ENABLE_STRICT_OBJC_MSGSEND = YES;
				ENABLE_TESTABILITY = YES;
				GCC_C_LANGUAGE_STANDARD = gnu11;
				GCC_DYNAMIC_NO_PIC = NO;
				GCC_NO_COMMON_BLOCKS = YES;
				GCC_OPTIMIZATION_LEVEL = 0;
				GCC_PREPROCESSOR_DEFINITIONS = (
					"DEBUG=1",
					"$(inherited)",
				);
				GCC_WARN_64_TO_32_BIT_CONVERSION = YES;
				GCC_WARN_ABOUT_RETURN_TYPE = YES_ERROR;
				GCC_WARN_UNDECLARED_SELECTOR = YES;
				GCC_WARN_UNINITIALIZED_AUTOS = YES_AGGRESSIVE;
				GCC_WARN_UNUSED_FUNCTION = YES;
				GCC_WARN_UNUSED_VARIABLE = YES;
				IPHONEOS_DEPLOYMENT_TARGET = 12.2;
				MTL_ENABLE_DEBUG_INFO = INCLUDE_SOURCE;
				MTL_FAST_MATH = YES;
				ONLY_ACTIVE_ARCH = YES;
				SDKROOT = iphoneos;
				SWIFT_ACTIVE_COMPILATION_CONDITIONS = DEBUG;
				SWIFT_OPTIMIZATION_LEVEL = "-Onone";
			};
			name = Debug;
		};
		F7D6B34522BA0EDC005680B1 /* Release */ = {
			isa = XCBuildConfiguration;
			buildSettings = {
				ALWAYS_SEARCH_USER_PATHS = NO;
				CLANG_ANALYZER_NONNULL = YES;
				CLANG_ANALYZER_NUMBER_OBJECT_CONVERSION = YES_AGGRESSIVE;
				CLANG_CXX_LANGUAGE_STANDARD = "gnu++14";
				CLANG_CXX_LIBRARY = "libc++";
				CLANG_ENABLE_MODULES = YES;
				CLANG_ENABLE_OBJC_ARC = YES;
				CLANG_ENABLE_OBJC_WEAK = YES;
				CLANG_WARN_BLOCK_CAPTURE_AUTORELEASING = YES;
				CLANG_WARN_BOOL_CONVERSION = YES;
				CLANG_WARN_COMMA = YES;
				CLANG_WARN_CONSTANT_CONVERSION = YES;
				CLANG_WARN_DEPRECATED_OBJC_IMPLEMENTATIONS = YES;
				CLANG_WARN_DIRECT_OBJC_ISA_USAGE = YES_ERROR;
				CLANG_WARN_DOCUMENTATION_COMMENTS = YES;
				CLANG_WARN_EMPTY_BODY = YES;
				CLANG_WARN_ENUM_CONVERSION = YES;
				CLANG_WARN_INFINITE_RECURSION = YES;
				CLANG_WARN_INT_CONVERSION = YES;
				CLANG_WARN_NON_LITERAL_NULL_CONVERSION = YES;
				CLANG_WARN_OBJC_IMPLICIT_RETAIN_SELF = YES;
				CLANG_WARN_OBJC_LITERAL_CONVERSION = YES;
				CLANG_WARN_OBJC_ROOT_CLASS = YES_ERROR;
				CLANG_WARN_RANGE_LOOP_ANALYSIS = YES;
				CLANG_WARN_STRICT_PROTOTYPES = YES;
				CLANG_WARN_SUSPICIOUS_MOVE = YES;
				CLANG_WARN_UNGUARDED_AVAILABILITY = YES_AGGRESSIVE;
				CLANG_WARN_UNREACHABLE_CODE = YES;
				CLANG_WARN__DUPLICATE_METHOD_MATCH = YES;
				CODE_SIGN_IDENTITY = "iPhone Developer";
				COPY_PHASE_STRIP = NO;
				DEBUG_INFORMATION_FORMAT = "dwarf-with-dsym";
				ENABLE_NS_ASSERTIONS = NO;
				ENABLE_STRICT_OBJC_MSGSEND = YES;
				GCC_C_LANGUAGE_STANDARD = gnu11;
				GCC_NO_COMMON_BLOCKS = YES;
				GCC_WARN_64_TO_32_BIT_CONVERSION = YES;
				GCC_WARN_ABOUT_RETURN_TYPE = YES_ERROR;
				GCC_WARN_UNDECLARED_SELECTOR = YES;
				GCC_WARN_UNINITIALIZED_AUTOS = YES_AGGRESSIVE;
				GCC_WARN_UNUSED_FUNCTION = YES;
				GCC_WARN_UNUSED_VARIABLE = YES;
				IPHONEOS_DEPLOYMENT_TARGET = 12.2;
				MTL_ENABLE_DEBUG_INFO = NO;
				MTL_FAST_MATH = YES;
				SDKROOT = iphoneos;
				SWIFT_COMPILATION_MODE = wholemodule;
				SWIFT_OPTIMIZATION_LEVEL = "-O";
				VALIDATE_PRODUCT = YES;
			};
			name = Release;
		};
		F7D6B34722BA0EDC005680B1 /* Debug */ = {
			isa = XCBuildConfiguration;
			buildSettings = {
				ASSETCATALOG_COMPILER_APPICON_NAME = AppIcon;
				CODE_SIGN_STYLE = Automatic;
				DEVELOPMENT_TEAM = F65YYAQSG7;
				INFOPLIST_FILE = News/Info.plist;
				IPHONEOS_DEPLOYMENT_TARGET = 12.2;
				LD_RUNPATH_SEARCH_PATHS = (
					"$(inherited)",
					"@executable_path/Frameworks",
				);
				PRODUCT_BUNDLE_IDENTIFIER = Igor.News;
				PRODUCT_NAME = "$(TARGET_NAME)";
				SWIFT_VERSION = 5.0;
				TARGETED_DEVICE_FAMILY = "1,2";
			};
			name = Debug;
		};
		F7D6B34822BA0EDC005680B1 /* Release */ = {
			isa = XCBuildConfiguration;
			buildSettings = {
				ASSETCATALOG_COMPILER_APPICON_NAME = AppIcon;
				CODE_SIGN_STYLE = Automatic;
				DEVELOPMENT_TEAM = F65YYAQSG7;
				INFOPLIST_FILE = News/Info.plist;
				IPHONEOS_DEPLOYMENT_TARGET = 12.2;
				LD_RUNPATH_SEARCH_PATHS = (
					"$(inherited)",
					"@executable_path/Frameworks",
				);
				PRODUCT_BUNDLE_IDENTIFIER = Igor.News;
				PRODUCT_NAME = "$(TARGET_NAME)";
				SWIFT_VERSION = 5.0;
				TARGETED_DEVICE_FAMILY = "1,2";
			};
			name = Release;
		};
/* End XCBuildConfiguration section */

/* Begin XCConfigurationList section */
		F7D6B32F22BA0EDA005680B1 /* Build configuration list for PBXProject "News" */ = {
			isa = XCConfigurationList;
			buildConfigurations = (
				F7D6B34422BA0EDC005680B1 /* Debug */,
				F7D6B34522BA0EDC005680B1 /* Release */,
			);
			defaultConfigurationIsVisible = 0;
			defaultConfigurationName = Release;
		};
		F7D6B34622BA0EDC005680B1 /* Build configuration list for PBXNativeTarget "News" */ = {
			isa = XCConfigurationList;
			buildConfigurations = (
				F7D6B34722BA0EDC005680B1 /* Debug */,
				F7D6B34822BA0EDC005680B1 /* Release */,
			);
			defaultConfigurationIsVisible = 0;
			defaultConfigurationName = Release;
		};
/* End XCConfigurationList section */
	};
	rootObject = F7D6B32C22BA0EDA005680B1 /* Project object */;
}
